
Microsoft Visual Studio Solution File, Format Version 12.00
# Visual Studio 16
Project("{FAE04EC0-301F-11D3-BF4B-00C04F79EFBC}") = "Assembly-CSharp", "Assembly-CSharp.csproj", "{1992C035-258F-FEC5-0D08-3A42B05DF4B7}"
EndProject
Project("{FAE04EC0-301F-11D3-BF4B-00C04F79EFBC}") = "Assembly-CSharp-Editor", "Assembly-CSharp-Editor.csproj", "{31883E58-0375-2AFC-EEA0-9CDF5206A1C1}"
EndProject
Global
	GlobalSection(SolutionConfigurationPlatforms) = preSolution
		Debug|Any CPU = Debug|Any CPU
		Release|Any CPU = Release|Any CPU
	EndGlobalSection
	GlobalSection(ProjectConfigurationPlatforms) = postSolution
		{1992C035-258F-FEC5-0D08-3A42B05DF4B7}.Debug|Any CPU.ActiveCfg = Debug|Any CPU
		{1992C035-258F-FEC5-0D08-3A42B05DF4B7}.Debug|Any CPU.Build.0 = Debug|Any CPU
		{1992C035-258F-FEC5-0D08-3A42B05DF4B7}.Release|Any CPU.ActiveCfg = Release|Any CPU
		{1992C035-258F-FEC5-0D08-3A42B05DF4B7}.Release|Any CPU.Build.0 = Release|Any CPU
		{31883E58-0375-2AFC-EEA0-9CDF5206A1C1}.Debug|Any CPU.ActiveCfg = Debug|Any CPU
		{31883E58-0375-2AFC-EEA0-9CDF5206A1C1}.Debug|Any CPU.Build.0 = Debug|Any CPU
		{31883E58-0375-2AFC-EEA0-9CDF5206A1C1}.Release|Any CPU.ActiveCfg = Release|Any CPU
		{31883E58-0375-2AFC-EEA0-9CDF5206A1C1}.Release|Any CPU.Build.0 = Release|Any CPU
	EndGlobalSection
	GlobalSection(SolutionProperties) = preSolution
		HideSolutionNode = FALSE
	EndGlobalSection
EndGlobal
